
Microsoft Visual Studio Solution File, Format Version 12.00
# Visual Studio Version 16
VisualStudioVersion = 16.0.30523.141
MinimumVisualStudioVersion = 10.0.40219.1
Project("{FAE04EC0-301F-11D3-BF4B-00C04F79EFBC}") = "CodingChallenge", "CodingChallenge\CodingChallenge.csproj", "{7FAB67DB-C27A-4214-94DE-0CF8D3DFB4CF}"
EndProject
Project("{2150E333-8FDC-42A3-9474-1A3956D46DE8}") = "00 - Presentation", "00 - Presentation", "{70C2C4ED-31CF-4430-B702-DFA7A1DF739B}"
EndProject
Project("{2150E333-8FDC-42A3-9474-1A3956D46DE8}") = "01 - Service", "01 - Service", "{3DA8CC26-ECEE-4617-91E5-D766CC815EA2}"
EndProject
Project("{2150E333-8FDC-42A3-9474-1A3956D46DE8}") = "03 - Domain", "03 - Domain", "{BD7A4E02-EECC-4611-A3E8-218C8C54AD30}"
EndProject
Project("{2150E333-8FDC-42A3-9474-1A3956D46DE8}") = "02 - Repository", "02 - Repository", "{C17A3BBA-7641-4C0E-8176-D0FCB71C1E28}"
EndProject
Project("{2150E333-8FDC-42A3-9474-1A3956D46DE8}") = "04 - Crosscutting", "04 - Crosscutting", "{C783B733-1DB2-4D6A-9C6A-F75CF0BCE655}"
EndProject
Project("{FAE04EC0-301F-11D3-BF4B-00C04F79EFBC}") = "Service", "Service\Service.csproj", "{4868EE3A-5880-4B48-BC6E-912DAFE47108}"
EndProject
Project("{FAE04EC0-301F-11D3-BF4B-00C04F79EFBC}") = "Model", "Model\Model.csproj", "{7E02708C-EC30-4819-807D-C3D9F4B28712}"
EndProject
Project("{FAE04EC0-301F-11D3-BF4B-00C04F79EFBC}") = "Crosscutting", "Crosscutting\Crosscutting.csproj", "{A1FA24E2-B325-4C94-AF8C-C3E348FE53CD}"
EndProject
Project("{2150E333-8FDC-42A3-9474-1A3956D46DE8}") = "05 - Test", "05 - Test", "{C4C29EEF-2B66-46BB-9EAA-23F454B28EC8}"
EndProject
Project("{2150E333-8FDC-42A3-9474-1A3956D46DE8}") = "01 - Service", "01 - Service", "{799D8D0E-6ADB-40A7-83F1-1C82A925392D}"
EndProject
Project("{2150E333-8FDC-42A3-9474-1A3956D46DE8}") = "04 - Crosscutting", "04 - Crosscutting", "{D1221210-57EC-4A34-8577-B1ECEE78DA7B}"
EndProject
Project("{FAE04EC0-301F-11D3-BF4B-00C04F79EFBC}") = "ServiceTests", "ServiceTests\ServiceTests.csproj", "{0A21A20F-62A0-466C-A602-43F56238B41A}"
EndProject
Project("{FAE04EC0-301F-11D3-BF4B-00C04F79EFBC}") = "CrosscuttingTests", "CrosscuttingTests\CrosscuttingTests.csproj", "{01579814-4115-4A62-9569-EF05024CEC85}"
EndProject
Project("{FAE04EC0-301F-11D3-BF4B-00C04F79EFBC}") = "Repository", "Repository\Repository.csproj", "{144A0AAC-86A4-4486-B03F-57BF1C7E4C97}"
EndProject
Project("{2150E333-8FDC-42A3-9474-1A3956D46DE8}") = "02- Repository", "02- Repository", "{C70DEA7D-BCD0-48B4-AF8B-BFB941DDFA4A}"
EndProject
Project("{FAE04EC0-301F-11D3-BF4B-00C04F79EFBC}") = "RepositoryTests", "RepositoryTests\RepositoryTests.csproj", "{4A69C5A3-2A50-43E4-9F61-B9CB83B3D16D}"
EndProject
Project("{FAE04EC0-301F-11D3-BF4B-00C04F79EFBC}") = "MappersTests", "MappersTests\MappersTests.csproj", "{D2C6A01A-861B-48D4-B89B-02D1C13E1E07}"
EndProject
Global
	GlobalSection(SolutionConfigurationPlatforms) = preSolution
		Debug|Any CPU = Debug|Any CPU
		Release|Any CPU = Release|Any CPU
	EndGlobalSection
	GlobalSection(ProjectConfigurationPlatforms) = postSolution
		{7FAB67DB-C27A-4214-94DE-0CF8D3DFB4CF}.Debug|Any CPU.ActiveCfg = Debug|Any CPU
		{7FAB67DB-C27A-4214-94DE-0CF8D3DFB4CF}.Debug|Any CPU.Build.0 = Debug|Any CPU
		{7FAB67DB-C27A-4214-94DE-0CF8D3DFB4CF}.Release|Any CPU.ActiveCfg = Release|Any CPU
		{7FAB67DB-C27A-4214-94DE-0CF8D3DFB4CF}.Release|Any CPU.Build.0 = Release|Any CPU
		{4868EE3A-5880-4B48-BC6E-912DAFE47108}.Debug|Any CPU.ActiveCfg = Debug|Any CPU
		{4868EE3A-5880-4B48-BC6E-912DAFE47108}.Debug|Any CPU.Build.0 = Debug|Any CPU
		{4868EE3A-5880-4B48-BC6E-912DAFE47108}.Release|Any CPU.ActiveCfg = Release|Any CPU
		{4868EE3A-5880-4B48-BC6E-912DAFE47108}.Release|Any CPU.Build.0 = Release|Any CPU
		{7E02708C-EC30-4819-807D-C3D9F4B28712}.Debug|Any CPU.ActiveCfg = Debug|Any CPU
		{7E02708C-EC30-4819-807D-C3D9F4B28712}.Debug|Any CPU.Build.0 = Debug|Any CPU
		{7E02708C-EC30-4819-807D-C3D9F4B28712}.Release|Any CPU.ActiveCfg = Release|Any CPU
		{7E02708C-EC30-4819-807D-C3D9F4B28712}.Release|Any CPU.Build.0 = Release|Any CPU
		{A1FA24E2-B325-4C94-AF8C-C3E348FE53CD}.Debug|Any CPU.ActiveCfg = Debug|Any CPU
		{A1FA24E2-B325-4C94-AF8C-C3E348FE53CD}.Debug|Any CPU.Build.0 = Debug|Any CPU
		{A1FA24E2-B325-4C94-AF8C-C3E348FE53CD}.Release|Any CPU.ActiveCfg = Release|Any CPU
		{A1FA24E2-B325-4C94-AF8C-C3E348FE53CD}.Release|Any CPU.Build.0 = Release|Any CPU
		{0A21A20F-62A0-466C-A602-43F56238B41A}.Debug|Any CPU.ActiveCfg = Debug|Any CPU
		{0A21A20F-62A0-466C-A602-43F56238B41A}.Debug|Any CPU.Build.0 = Debug|Any CPU
		{0A21A20F-62A0-466C-A602-43F56238B41A}.Release|Any CPU.ActiveCfg = Release|Any CPU
		{0A21A20F-62A0-466C-A602-43F56238B41A}.Release|Any CPU.Build.0 = Release|Any CPU
		{01579814-4115-4A62-9569-EF05024CEC85}.Debug|Any CPU.ActiveCfg = Debug|Any CPU
		{01579814-4115-4A62-9569-EF05024CEC85}.Debug|Any CPU.Build.0 = Debug|Any CPU
		{01579814-4115-4A62-9569-EF05024CEC85}.Release|Any CPU.ActiveCfg = Release|Any CPU
		{01579814-4115-4A62-9569-EF05024CEC85}.Release|Any CPU.Build.0 = Release|Any CPU
		{144A0AAC-86A4-4486-B03F-57BF1C7E4C97}.Debug|Any CPU.ActiveCfg = Debug|Any CPU
		{144A0AAC-86A4-4486-B03F-57BF1C7E4C97}.Debug|Any CPU.Build.0 = Debug|Any CPU
		{144A0AAC-86A4-4486-B03F-57BF1C7E4C97}.Release|Any CPU.ActiveCfg = Release|Any CPU
		{144A0AAC-86A4-4486-B03F-57BF1C7E4C97}.Release|Any CPU.Build.0 = Release|Any CPU
		{4A69C5A3-2A50-43E4-9F61-B9CB83B3D16D}.Debug|Any CPU.ActiveCfg = Debug|Any CPU
		{4A69C5A3-2A50-43E4-9F61-B9CB83B3D16D}.Debug|Any CPU.Build.0 = Debug|Any CPU
		{4A69C5A3-2A50-43E4-9F61-B9CB83B3D16D}.Release|Any CPU.ActiveCfg = Release|Any CPU
		{4A69C5A3-2A50-43E4-9F61-B9CB83B3D16D}.Release|Any CPU.Build.0 = Release|Any CPU
		{D2C6A01A-861B-48D4-B89B-02D1C13E1E07}.Debug|Any CPU.ActiveCfg = Debug|Any CPU
		{D2C6A01A-861B-48D4-B89B-02D1C13E1E07}.Debug|Any CPU.Build.0 = Debug|Any CPU
		{D2C6A01A-861B-48D4-B89B-02D1C13E1E07}.Release|Any CPU.ActiveCfg = Release|Any CPU
		{D2C6A01A-861B-48D4-B89B-02D1C13E1E07}.Release|Any CPU.Build.0 = Release|Any CPU
	EndGlobalSection
	GlobalSection(SolutionProperties) = preSolution
		HideSolutionNode = FALSE
	EndGlobalSection
	GlobalSection(NestedProjects) = preSolution
		{7FAB67DB-C27A-4214-94DE-0CF8D3DFB4CF} = {70C2C4ED-31CF-4430-B702-DFA7A1DF739B}
		{4868EE3A-5880-4B48-BC6E-912DAFE47108} = {3DA8CC26-ECEE-4617-91E5-D766CC815EA2}
		{7E02708C-EC30-4819-807D-C3D9F4B28712} = {BD7A4E02-EECC-4611-A3E8-218C8C54AD30}
		{A1FA24E2-B325-4C94-AF8C-C3E348FE53CD} = {C783B733-1DB2-4D6A-9C6A-F75CF0BCE655}
		{799D8D0E-6ADB-40A7-83F1-1C82A925392D} = {C4C29EEF-2B66-46BB-9EAA-23F454B28EC8}
		{D1221210-57EC-4A34-8577-B1ECEE78DA7B} = {C4C29EEF-2B66-46BB-9EAA-23F454B28EC8}
		{0A21A20F-62A0-466C-A602-43F56238B41A} = {799D8D0E-6ADB-40A7-83F1-1C82A925392D}
		{01579814-4115-4A62-9569-EF05024CEC85} = {D1221210-57EC-4A34-8577-B1ECEE78DA7B}
		{144A0AAC-86A4-4486-B03F-57BF1C7E4C97} = {C17A3BBA-7641-4C0E-8176-D0FCB71C1E28}
		{C70DEA7D-BCD0-48B4-AF8B-BFB941DDFA4A} = {C4C29EEF-2B66-46BB-9EAA-23F454B28EC8}
		{4A69C5A3-2A50-43E4-9F61-B9CB83B3D16D} = {C70DEA7D-BCD0-48B4-AF8B-BFB941DDFA4A}
		{D2C6A01A-861B-48D4-B89B-02D1C13E1E07} = {799D8D0E-6ADB-40A7-83F1-1C82A925392D}
	EndGlobalSection
	GlobalSection(ExtensibilityGlobals) = postSolution
		SolutionGuid = {DA6A7787-64AE-4544-9B9F-617720D35DD6}
	EndGlobalSection
EndGlobal
